
Microsoft Visual Studio Solution File, Format Version 12.00
# Visual Studio Version 17
VisualStudioVersion = 17.11.35219.272
MinimumVisualStudioVersion = 10.0.40219.1
Project("{FAE04EC0-301F-11D3-BF4B-00C04F79EFBC}") = "GameLobbyServer", "GameLobbyServer\GameLobbyServer.csproj", "{98C0C4A5-F60A-4744-BE4B-F65FA842ADD3}"
EndProject
Project("{FAE04EC0-301F-11D3-BF4B-00C04F79EFBC}") = "GameLobbyLib", "GameLobbyLib\GameLobbyLib.csproj", "{2BC7F3FC-E958-4D40-A8C4-C267EED65195}"
EndProject
Project("{FAE04EC0-301F-11D3-BF4B-00C04F79EFBC}") = "GameLobbyUI", "GameLobbyUI\GameLobbyUI.csproj", "{068A2E6A-085D-48F9-ACDD-64F25234FF88}"
EndProject
Global
	GlobalSection(SolutionConfigurationPlatforms) = preSolution
		Debug|Any CPU = Debug|Any CPU
		Release|Any CPU = Release|Any CPU
	EndGlobalSection
	GlobalSection(ProjectConfigurationPlatforms) = postSolution
		{98C0C4A5-F60A-4744-BE4B-F65FA842ADD3}.Debug|Any CPU.ActiveCfg = Debug|Any CPU
		{98C0C4A5-F60A-4744-BE4B-F65FA842ADD3}.Debug|Any CPU.Build.0 = Debug|Any CPU
		{98C0C4A5-F60A-4744-BE4B-F65FA842ADD3}.Release|Any CPU.ActiveCfg = Release|Any CPU
		{98C0C4A5-F60A-4744-BE4B-F65FA842ADD3}.Release|Any CPU.Build.0 = Release|Any CPU
		{2BC7F3FC-E958-4D40-A8C4-C267EED65195}.Debug|Any CPU.ActiveCfg = Debug|Any CPU
		{2BC7F3FC-E958-4D40-A8C4-C267EED65195}.Debug|Any CPU.Build.0 = Debug|Any CPU
		{2BC7F3FC-E958-4D40-A8C4-C267EED65195}.Release|Any CPU.ActiveCfg = Release|Any CPU
		{2BC7F3FC-E958-4D40-A8C4-C267EED65195}.Release|Any CPU.Build.0 = Release|Any CPU
		{068A2E6A-085D-48F9-ACDD-64F25234FF88}.Debug|Any CPU.ActiveCfg = Debug|Any CPU
		{068A2E6A-085D-48F9-ACDD-64F25234FF88}.Debug|Any CPU.Build.0 = Debug|Any CPU
		{068A2E6A-085D-48F9-ACDD-64F25234FF88}.Release|Any CPU.ActiveCfg = Release|Any CPU
		{068A2E6A-085D-48F9-ACDD-64F25234FF88}.Release|Any CPU.Build.0 = Release|Any CPU
	EndGlobalSection
	GlobalSection(SolutionProperties) = preSolution
		HideSolutionNode = FALSE
	EndGlobalSection
	GlobalSection(ExtensibilityGlobals) = postSolution
		SolutionGuid = {25AC9534-2808-4E15-BB38-907A6B6BE897}
	EndGlobalSection
EndGlobal
